PODS:
  - Alamofire (4.9.1)
  - AlamofireObjectMapper (5.2.1):
    - Alamofire (~> 4.7)
    - ObjectMapper (~> 3.4)
  - ObjectMapper (3.5.2)
  - SPAlert (2.1.4)
  - TextFieldEffects (1.6.0)

DEPENDENCIES:
  - AlamofireObjectMapper (~> 5.2.1)
  - SPAlert
  - TextFieldEffects

SPEC REPOS:
  trunk:
    - Alamofire
    - AlamofireObjectMapper
    - ObjectMapper
    - SPAlert
    - TextFieldEffects

SPEC CHECKSUMS:
  Alamofire: 85e8a02c69d6020a0d734f6054870d7ecb75cf18
  AlamofireObjectMapper: 1989f690e982b71921b9253f53a4f33a9bc00d88
  ObjectMapper: b53ae947d370bf89423e86be7d4e2d2b2a8d3f40
  SPAlert: 1a8afa1c6ac86a82ab5b2cfdf7f9a51e68cb6c0c
  TextFieldEffects: 529b8aff706fb40f82c41c780c0777941a893796

PODFILE CHECKSUM: 1b20f6d23c99c8f98aaadeab4ca853c823b9b592

COCOAPODS: 1.9.1
